# THIS IS AN AUTOGENERATED FILE. DO NOT EDIT THIS FILE DIRECTLY.
# yarn lockfile v1


"@opuscapita/oc-cm-common-styles@3.0.0":
  version "3.0.0"
  resolved "https://registry.yarnpkg.com/@opuscapita/oc-cm-common-styles/-/oc-cm-common-styles-3.0.0.tgz#c05a25d569d4f22296a56bf0dc9e3871f2f7b99a"
  integrity sha512-wj1uPZbLj9hq7IzXlMM/QGAYk7pOiiPfCb81FDPmbyn08K3pEA2/LHgIYjEl8m4rYU5TsRJ7PGgppViUi1/vqw==
  dependencies:
    bootstrap-sass "3.3.7"

"@opuscapita/react-searchbar@^2.1.1":
  version "2.1.1"
  resolved "https://registry.yarnpkg.com/@opuscapita/react-searchbar/-/react-searchbar-2.1.1.tgz#7567b26134dac37c59d33108c9544f628748f088"
  integrity sha512-Ec0ibmWKc/acZtKRnCQ+CCUYrUjERDvn3u8Tfk9DftBnLGkIFwABuM17M4PaJ7aifHyr5yZdUt1KCZYtgvx0Cg==
  dependencies:
    "@opuscapita/oc-cm-common-styles" "3.0.0"
    react-icons "2.2.7"

bootstrap-sass@3.3.7:
  version "3.3.7"
  resolved "https://registry.yarnpkg.com/bootstrap-sass/-/bootstrap-sass-3.3.7.tgz#6596c7ab40f6637393323ab0bc80d064fc630498"
  integrity sha1-ZZbHq0D2Y3OTMjqwvIDQZPxjBJg=

react-icon-base@2.1.0:
  version "2.1.0"
  resolved "https://registry.yarnpkg.com/react-icon-base/-/react-icon-base-2.1.0.tgz#a196e33fdf1e7aaa1fda3aefbb68bdad9e82a79d"
  integrity sha1-oZbjP98eeqof2jrvu2i9rZ6Cp50=

react-icons@2.2.7:
  version "2.2.7"
  resolved "https://registry.yarnpkg.com/react-icons/-/react-icons-2.2.7.tgz#d7860826b258557510dac10680abea5ca23cf650"
  integrity sha512-0n4lcGqzJFcIQLoQytLdJCE0DKSA9dkwEZRYoGrIDJZFvIT6Hbajx5mv9geqhqFiNjUgtxg8kPyDfjlhymbGFg==
  dependencies:
    react-icon-base "2.1.0"
